
Microsoft Visual Studio Solution File, Format Version 12.00
# Visual Studio Version 16
VisualStudioVersion = 25.0.1706.6
MinimumVisualStudioVersion = 10.0.40219.1
Project("{FAE04EC0-301F-11D3-BF4B-00C04F79EFBC}") = "ContactApp", "ContactApp\ContactApp.csproj", "{73BF063C-E443-4EA5-9D3C-8681869C22C9}"
EndProject
Global
	GlobalSection(SolutionConfigurationPlatforms) = preSolution
		Debug|Any CPU = Debug|Any CPU
		Release|Any CPU = Release|Any CPU
	EndGlobalSection
	GlobalSection(ProjectConfigurationPlatforms) = postSolution
		{73BF063C-E443-4EA5-9D3C-8681869C22C9}.Debug|Any CPU.ActiveCfg = Debug|Any CPU
		{73BF063C-E443-4EA5-9D3C-8681869C22C9}.Debug|Any CPU.Build.0 = Debug|Any CPU
		{73BF063C-E443-4EA5-9D3C-8681869C22C9}.Release|Any CPU.ActiveCfg = Release|Any CPU
		{73BF063C-E443-4EA5-9D3C-8681869C22C9}.Release|Any CPU.Build.0 = Release|Any CPU
	EndGlobalSection
	GlobalSection(SolutionProperties) = preSolution
		HideSolutionNode = FALSE
	EndGlobalSection
	GlobalSection(ExtensibilityGlobals) = postSolution
		SolutionGuid = {283EDE95-7CD2-46F5-A3AF-AC75AB04C45C}
	EndGlobalSection
EndGlobal
